
Microsoft Visual Studio Solution File, Format Version 12.00
# Visual Studio 15
VisualStudioVersion = 15.0.27130.2036
MinimumVisualStudioVersion = 10.0.40219.1
Project("{9A19103F-16F7-4668-BE54-9A1E7A4F7556}") = "StackoverflowContext", "StackoverflowContext\StackoverflowContext.csproj", "{8983A3D3-EF8F-450A-A93E-DC050D0E88BA}"
EndProject
Project("{9A19103F-16F7-4668-BE54-9A1E7A4F7556}") = "WebService", "WebService\WebService.csproj", "{15B1BC6D-854A-4997-BA4C-290A8DA960E7}"
EndProject
Project("{9A19103F-16F7-4668-BE54-9A1E7A4F7556}") = "DomainModel", "DomainModel\DomainModel.csproj", "{B391E4BC-E9A8-4A91-AF15-068884C7E8CA}"
EndProject
Project("{9A19103F-16F7-4668-BE54-9A1E7A4F7556}") = "DataTransferObjects", "DataTransferObjects\DataTransferObjects.csproj", "{7A12734A-4C92-43FF-A6E8-DA31BEA168C5}"
EndProject
Project("{FAE04EC0-301F-11D3-BF4B-00C04F79EFBC}") = "Tests", "Tests\Tests.csproj", "{2317FB41-2E59-4A68-A43E-37964D543CAC}"
EndProject
Global
	GlobalSection(SolutionConfigurationPlatforms) = preSolution
		Debug|Any CPU = Debug|Any CPU
		Release|Any CPU = Release|Any CPU
	EndGlobalSection
	GlobalSection(ProjectConfigurationPlatforms) = postSolution
		{8983A3D3-EF8F-450A-A93E-DC050D0E88BA}.Debug|Any CPU.ActiveCfg = Debug|Any CPU
		{8983A3D3-EF8F-450A-A93E-DC050D0E88BA}.Debug|Any CPU.Build.0 = Debug|Any CPU
		{8983A3D3-EF8F-450A-A93E-DC050D0E88BA}.Release|Any CPU.ActiveCfg = Release|Any CPU
		{8983A3D3-EF8F-450A-A93E-DC050D0E88BA}.Release|Any CPU.Build.0 = Release|Any CPU
		{15B1BC6D-854A-4997-BA4C-290A8DA960E7}.Debug|Any CPU.ActiveCfg = Debug|Any CPU
		{15B1BC6D-854A-4997-BA4C-290A8DA960E7}.Debug|Any CPU.Build.0 = Debug|Any CPU
		{15B1BC6D-854A-4997-BA4C-290A8DA960E7}.Release|Any CPU.ActiveCfg = Release|Any CPU
		{15B1BC6D-854A-4997-BA4C-290A8DA960E7}.Release|Any CPU.Build.0 = Release|Any CPU
		{B391E4BC-E9A8-4A91-AF15-068884C7E8CA}.Debug|Any CPU.ActiveCfg = Debug|Any CPU
		{B391E4BC-E9A8-4A91-AF15-068884C7E8CA}.Debug|Any CPU.Build.0 = Debug|Any CPU
		{B391E4BC-E9A8-4A91-AF15-068884C7E8CA}.Release|Any CPU.ActiveCfg = Release|Any CPU
		{B391E4BC-E9A8-4A91-AF15-068884C7E8CA}.Release|Any CPU.Build.0 = Release|Any CPU
		{7A12734A-4C92-43FF-A6E8-DA31BEA168C5}.Debug|Any CPU.ActiveCfg = Debug|Any CPU
		{7A12734A-4C92-43FF-A6E8-DA31BEA168C5}.Debug|Any CPU.Build.0 = Debug|Any CPU
		{7A12734A-4C92-43FF-A6E8-DA31BEA168C5}.Release|Any CPU.ActiveCfg = Release|Any CPU
		{7A12734A-4C92-43FF-A6E8-DA31BEA168C5}.Release|Any CPU.Build.0 = Release|Any CPU
		{2317FB41-2E59-4A68-A43E-37964D543CAC}.Debug|Any CPU.ActiveCfg = Debug|Any CPU
		{2317FB41-2E59-4A68-A43E-37964D543CAC}.Debug|Any CPU.Build.0 = Debug|Any CPU
		{2317FB41-2E59-4A68-A43E-37964D543CAC}.Release|Any CPU.ActiveCfg = Release|Any CPU
		{2317FB41-2E59-4A68-A43E-37964D543CAC}.Release|Any CPU.Build.0 = Release|Any CPU
	EndGlobalSection
	GlobalSection(SolutionProperties) = preSolution
		HideSolutionNode = FALSE
	EndGlobalSection
	GlobalSection(ExtensibilityGlobals) = postSolution
		SolutionGuid = {875C3AD1-CF77-4410-BF4A-9BD283170CA5}
	EndGlobalSection
EndGlobal
